// !$*UTF8*$!
{
	archiveVersion = 1;
	classes = {
	};
	objectVersion = 56;
	objects = {

/* Begin PBXBuildFile section */
		B636D03A2A7A951F00AC0FF2 /* VideoGameBuddyApp.swift in Sources */ = {isa = PBXBuildFile; fileRef = B636D0392A7A951F00AC0FF2 /* VideoGameBuddyApp.swift */; };
		B636D03C2A7A951F00AC0FF2 /* ContentView.swift in Sources */ = {isa = PBXBuildFile; fileRef = B636D03B2A7A951F00AC0FF2 /* ContentView.swift */; };
		B636D03E2A7A952000AC0FF2 /* Assets.xcassets in Resources */ = {isa = PBXBuildFile; fileRef = B636D03D2A7A952000AC0FF2 /* Assets.xcassets */; };
		B636D0412A7A952000AC0FF2 /* Preview Assets.xcassets in Resources */ = {isa = PBXBuildFile; fileRef = B636D0402A7A952000AC0FF2 /* Preview Assets.xcassets */; };
		B636D0482A7AAD4900AC0FF2 /* SearchView.swift in Sources */ = {isa = PBXBuildFile; fileRef = B636D0472A7AAD4900AC0FF2 /* SearchView.swift */; };
		B636D04D2A7AAD8000AC0FF2 /* SearchViewModel.swift in Sources */ = {isa = PBXBuildFile; fileRef = B636D04C2A7AAD8000AC0FF2 /* SearchViewModel.swift */; };
		B636D0502A7AADA200AC0FF2 /* DetailsView.swift in Sources */ = {isa = PBXBuildFile; fileRef = B636D04F2A7AADA200AC0FF2 /* DetailsView.swift */; };
		B636D0542A7AADC900AC0FF2 /* DetailsViewModel.swift in Sources */ = {isa = PBXBuildFile; fileRef = B636D0532A7AADC900AC0FF2 /* DetailsViewModel.swift */; };
		B636D0572A7AAEA800AC0FF2 /* FavoritesViewModel.swift in Sources */ = {isa = PBXBuildFile; fileRef = B636D0562A7AAEA800AC0FF2 /* FavoritesViewModel.swift */; };
		B636D05B2A7AAEC400AC0FF2 /* FavoritesView.swift in Sources */ = {isa = PBXBuildFile; fileRef = B636D05A2A7AAEC400AC0FF2 /* FavoritesView.swift */; };
		B636D05E2A7B6FE300AC0FF2 /* ListGameRow.swift in Sources */ = {isa = PBXBuildFile; fileRef = B636D05D2A7B6FE300AC0FF2 /* ListGameRow.swift */; };
		B636D0602A7B701100AC0FF2 /* GridGameRow.swift in Sources */ = {isa = PBXBuildFile; fileRef = B636D05F2A7B701100AC0FF2 /* GridGameRow.swift */; };
		B636D0632A7B772500AC0FF2 /* NetworkService.swift in Sources */ = {isa = PBXBuildFile; fileRef = B636D0622A7B772500AC0FF2 /* NetworkService.swift */; };
		B636D0652A7B813800AC0FF2 /* Game.swift in Sources */ = {isa = PBXBuildFile; fileRef = B636D0642A7B813800AC0FF2 /* Game.swift */; };
		B636D0682A7B814E00AC0FF2 /* Genre.swift in Sources */ = {isa = PBXBuildFile; fileRef = B636D0672A7B814E00AC0FF2 /* Genre.swift */; };
		B636D06A2A7B815E00AC0FF2 /* Platform.swift in Sources */ = {isa = PBXBuildFile; fileRef = B636D0692A7B815E00AC0FF2 /* Platform.swift */; };
		B636D06C2A7B8E2400AC0FF2 /* AuthorizationManager.swift in Sources */ = {isa = PBXBuildFile; fileRef = B636D06B2A7B8E2400AC0FF2 /* AuthorizationManager.swift */; };
		B636D06E2A7B8FF900AC0FF2 /* Constants.swift in Sources */ = {isa = PBXBuildFile; fileRef = B636D06D2A7B8FF900AC0FF2 /* Constants.swift */; };
		B636D0702A7B944500AC0FF2 /* AccessToken.swift in Sources */ = {isa = PBXBuildFile; fileRef = B636D06F2A7B944500AC0FF2 /* AccessToken.swift */; };
		B636D0722A7C9DC100AC0FF2 /* RowViewModel.swift in Sources */ = {isa = PBXBuildFile; fileRef = B636D0712A7C9DC100AC0FF2 /* RowViewModel.swift */; };
		B636D0742A7CA01300AC0FF2 /* gameExample.json in Resources */ = {isa = PBXBuildFile; fileRef = B636D0732A7CA01300AC0FF2 /* gameExample.json */; };
		B636D0762A7F3C3900AC0FF2 /* Builder.swift in Sources */ = {isa = PBXBuildFile; fileRef = B636D0752A7F3C3900AC0FF2 /* Builder.swift */; };
		B636D0782A807F9A00AC0FF2 /* gamesListPreview.json in Resources */ = {isa = PBXBuildFile; fileRef = B636D0772A807F9A00AC0FF2 /* gamesListPreview.json */; };
		B636D07A2A82040400AC0FF2 /* ImageDownloadingService.swift in Sources */ = {isa = PBXBuildFile; fileRef = B636D0792A82040400AC0FF2 /* ImageDownloadingService.swift */; };
/* End PBXBuildFile section */

/* Begin PBXFileReference section */
		B636D0362A7A951F00AC0FF2 /* VideoGameBuddy.app */ = {isa = PBXFileReference; explicitFileType = wrapper.application; includeInIndex = 0; path = VideoGameBuddy.app; sourceTree = BUILT_PRODUCTS_DIR; };
		B636D0392A7A951F00AC0FF2 /* VideoGameBuddyApp.swift */ = {isa = PBXFileReference; lastKnownFileType = sourcecode.swift; path = VideoGameBuddyApp.swift; sourceTree = "<group>"; };
		B636D03B2A7A951F00AC0FF2 /* ContentView.swift */ = {isa = PBXFileReference; lastKnownFileType = sourcecode.swift; path = ContentView.swift; sourceTree = "<group>"; };
		B636D03D2A7A952000AC0FF2 /* Assets.xcassets */ = {isa = PBXFileReference; lastKnownFileType = folder.assetcatalog; path = Assets.xcassets; sourceTree = "<group>"; };
		B636D0402A7A952000AC0FF2 /* Preview Assets.xcassets */ = {isa = PBXFileReference; lastKnownFileType = folder.assetcatalog; path = "Preview Assets.xcassets"; sourceTree = "<group>"; };
		B636D0472A7AAD4900AC0FF2 /* SearchView.swift */ = {isa = PBXFileReference; lastKnownFileType = sourcecode.swift; path = SearchView.swift; sourceTree = "<group>"; };
		B636D04C2A7AAD8000AC0FF2 /* SearchViewModel.swift */ = {isa = PBXFileReference; lastKnownFileType = sourcecode.swift; path = SearchViewModel.swift; sourceTree = "<group>"; };
		B636D04F2A7AADA200AC0FF2 /* DetailsView.swift */ = {isa = PBXFileReference; lastKnownFileType = sourcecode.swift; path = DetailsView.swift; sourceTree = "<group>"; };
		B636D0532A7AADC900AC0FF2 /* DetailsViewModel.swift */ = {isa = PBXFileReference; lastKnownFileType = sourcecode.swift; path = DetailsViewModel.swift; sourceTree = "<group>"; };
		B636D0562A7AAEA800AC0FF2 /* FavoritesViewModel.swift */ = {isa = PBXFileReference; lastKnownFileType = sourcecode.swift; path = FavoritesViewModel.swift; sourceTree = "<group>"; };
		B636D05A2A7AAEC400AC0FF2 /* FavoritesView.swift */ = {isa = PBXFileReference; lastKnownFileType = sourcecode.swift; path = FavoritesView.swift; sourceTree = "<group>"; };
		B636D05D2A7B6FE300AC0FF2 /* ListGameRow.swift */ = {isa = PBXFileReference; lastKnownFileType = sourcecode.swift; path = ListGameRow.swift; sourceTree = "<group>"; };
		B636D05F2A7B701100AC0FF2 /* GridGameRow.swift */ = {isa = PBXFileReference; lastKnownFileType = sourcecode.swift; path = GridGameRow.swift; sourceTree = "<group>"; };
		B636D0622A7B772500AC0FF2 /* NetworkService.swift */ = {isa = PBXFileReference; lastKnownFileType = sourcecode.swift; path = NetworkService.swift; sourceTree = "<group>"; };
		B636D0642A7B813800AC0FF2 /* Game.swift */ = {isa = PBXFileReference; lastKnownFileType = sourcecode.swift; path = Game.swift; sourceTree = "<group>"; };
		B636D0672A7B814E00AC0FF2 /* Genre.swift */ = {isa = PBXFileReference; lastKnownFileType = sourcecode.swift; path = Genre.swift; sourceTree = "<group>"; };
		B636D0692A7B815E00AC0FF2 /* Platform.swift */ = {isa = PBXFileReference; lastKnownFileType = sourcecode.swift; path = Platform.swift; sourceTree = "<group>"; };
		B636D06B2A7B8E2400AC0FF2 /* AuthorizationManager.swift */ = {isa = PBXFileReference; lastKnownFileType = sourcecode.swift; path = AuthorizationManager.swift; sourceTree = "<group>"; };
		B636D06D2A7B8FF900AC0FF2 /* Constants.swift */ = {isa = PBXFileReference; lastKnownFileType = sourcecode.swift; path = Constants.swift; sourceTree = "<group>"; };
		B636D06F2A7B944500AC0FF2 /* AccessToken.swift */ = {isa = PBXFileReference; lastKnownFileType = sourcecode.swift; path = AccessToken.swift; sourceTree = "<group>"; };
		B636D0712A7C9DC100AC0FF2 /* RowViewModel.swift */ = {isa = PBXFileReference; lastKnownFileType = sourcecode.swift; path = RowViewModel.swift; sourceTree = "<group>"; };
		B636D0732A7CA01300AC0FF2 /* gameExample.json */ = {isa = PBXFileReference; lastKnownFileType = text.json; path = gameExample.json; sourceTree = "<group>"; };
		B636D0752A7F3C3900AC0FF2 /* Builder.swift */ = {isa = PBXFileReference; lastKnownFileType = sourcecode.swift; path = Builder.swift; sourceTree = "<group>"; };
		B636D0772A807F9A00AC0FF2 /* gamesListPreview.json */ = {isa = PBXFileReference; lastKnownFileType = text.json; path = gamesListPreview.json; sourceTree = "<group>"; };
		B636D0792A82040400AC0FF2 /* ImageDownloadingService.swift */ = {isa = PBXFileReference; lastKnownFileType = sourcecode.swift; path = ImageDownloadingService.swift; sourceTree = "<group>"; };
/* End PBXFileReference section */

/* Begin PBXFrameworksBuildPhase section */
		B636D0332A7A951F00AC0FF2 /* Frameworks */ = {
			isa = PBXFrameworksBuildPhase;
			buildActionMask = 2147483647;
			files = (
			);
			runOnlyForDeploymentPostprocessing = 0;
		};
/* End PBXFrameworksBuildPhase section */

/* Begin PBXGroup section */
		B636D02D2A7A951F00AC0FF2 = {
			isa = PBXGroup;
			children = (
				B636D0382A7A951F00AC0FF2 /* VideoGameBuddy */,
				B636D0372A7A951F00AC0FF2 /* Products */,
			);
			sourceTree = "<group>";
		};
		B636D0372A7A951F00AC0FF2 /* Products */ = {
			isa = PBXGroup;
			children = (
				B636D0362A7A951F00AC0FF2 /* VideoGameBuddy.app */,
			);
			name = Products;
			sourceTree = "<group>";
		};
		B636D0382A7A951F00AC0FF2 /* VideoGameBuddy */ = {
			isa = PBXGroup;
			children = (
				B636D0392A7A951F00AC0FF2 /* VideoGameBuddyApp.swift */,
				B636D03B2A7A951F00AC0FF2 /* ContentView.swift */,
				B636D0492A7AAD5000AC0FF2 /* Modules */,
				B636D0612A7B771000AC0FF2 /* Services */,
				B636D0662A7B813C00AC0FF2 /* Model */,
				B636D03D2A7A952000AC0FF2 /* Assets.xcassets */,
				B636D03F2A7A952000AC0FF2 /* Preview Content */,
			);
			path = VideoGameBuddy;
			sourceTree = "<group>";
		};
		B636D03F2A7A952000AC0FF2 /* Preview Content */ = {
			isa = PBXGroup;
			children = (
				B636D0402A7A952000AC0FF2 /* Preview Assets.xcassets */,
				B636D0732A7CA01300AC0FF2 /* gameExample.json */,
				B636D0772A807F9A00AC0FF2 /* gamesListPreview.json */,
			);
			path = "Preview Content";
			sourceTree = "<group>";
		};
		B636D0492A7AAD5000AC0FF2 /* Modules */ = {
			isa = PBXGroup;
			children = (
				B636D04A2A7AAD6600AC0FF2 /* SearchModule */,
				B636D0512A7AADA600AC0FF2 /* DetailsModule */,
				B636D0582A7AAEB000AC0FF2 /* FavoritesModule */,
			);
			path = Modules;
			sourceTree = "<group>";
		};
		B636D04A2A7AAD6600AC0FF2 /* SearchModule */ = {
			isa = PBXGroup;
			children = (
				B636D04B2A7AAD7400AC0FF2 /* View */,
				B636D04E2A7AAD9400AC0FF2 /* ViewModel */,
			);
			path = SearchModule;
			sourceTree = "<group>";
		};
		B636D04B2A7AAD7400AC0FF2 /* View */ = {
			isa = PBXGroup;
			children = (
				B636D0472A7AAD4900AC0FF2 /* SearchView.swift */,
				B636D05D2A7B6FE300AC0FF2 /* ListGameRow.swift */,
				B636D05F2A7B701100AC0FF2 /* GridGameRow.swift */,
			);
			path = View;
			sourceTree = "<group>";
		};
		B636D04E2A7AAD9400AC0FF2 /* ViewModel */ = {
			isa = PBXGroup;
			children = (
				B636D04C2A7AAD8000AC0FF2 /* SearchViewModel.swift */,
				B636D0712A7C9DC100AC0FF2 /* RowViewModel.swift */,
			);
			path = ViewModel;
			sourceTree = "<group>";
		};
		B636D0512A7AADA600AC0FF2 /* DetailsModule */ = {
			isa = PBXGroup;
			children = (
				B636D0522A7AADB300AC0FF2 /* View */,
				B636D0552A7AAE8D00AC0FF2 /* ViewModel */,
			);
			path = DetailsModule;
			sourceTree = "<group>";
		};
		B636D0522A7AADB300AC0FF2 /* View */ = {
			isa = PBXGroup;
			children = (
				B636D04F2A7AADA200AC0FF2 /* DetailsView.swift */,
			);
			path = View;
			sourceTree = "<group>";
		};
		B636D0552A7AAE8D00AC0FF2 /* ViewModel */ = {
			isa = PBXGroup;
			children = (
				B636D0532A7AADC900AC0FF2 /* DetailsViewModel.swift */,
			);
			path = ViewModel;
			sourceTree = "<group>";
		};
		B636D0582A7AAEB000AC0FF2 /* FavoritesModule */ = {
			isa = PBXGroup;
			children = (
				B636D05C2A7AAEC800AC0FF2 /* View */,
				B636D0592A7AAEBA00AC0FF2 /* ViewModel */,
			);
			path = FavoritesModule;
			sourceTree = "<group>";
		};
		B636D0592A7AAEBA00AC0FF2 /* ViewModel */ = {
			isa = PBXGroup;
			children = (
				B636D0562A7AAEA800AC0FF2 /* FavoritesViewModel.swift */,
			);
			path = ViewModel;
			sourceTree = "<group>";
		};
		B636D05C2A7AAEC800AC0FF2 /* View */ = {
			isa = PBXGroup;
			children = (
				B636D05A2A7AAEC400AC0FF2 /* FavoritesView.swift */,
			);
			path = View;
			sourceTree = "<group>";
		};
		B636D0612A7B771000AC0FF2 /* Services */ = {
			isa = PBXGroup;
			children = (
				B636D06F2A7B944500AC0FF2 /* AccessToken.swift */,
				B636D06B2A7B8E2400AC0FF2 /* AuthorizationManager.swift */,
				B636D0622A7B772500AC0FF2 /* NetworkService.swift */,
				B636D0792A82040400AC0FF2 /* ImageDownloadingService.swift */,
				B636D06D2A7B8FF900AC0FF2 /* Constants.swift */,
				B636D0752A7F3C3900AC0FF2 /* Builder.swift */,
			);
			path = Services;
			sourceTree = "<group>";
		};
		B636D0662A7B813C00AC0FF2 /* Model */ = {
			isa = PBXGroup;
			children = (
				B636D0642A7B813800AC0FF2 /* Game.swift */,
				B636D0672A7B814E00AC0FF2 /* Genre.swift */,
				B636D0692A7B815E00AC0FF2 /* Platform.swift */,
			);
			path = Model;
			sourceTree = "<group>";
		};
/* End PBXGroup section */

/* Begin PBXNativeTarget section */
		B636D0352A7A951F00AC0FF2 /* VideoGameBuddy */ = {
			isa = PBXNativeTarget;
			buildConfigurationList = B636D0442A7A952000AC0FF2 /* Build configuration list for PBXNativeTarget "VideoGameBuddy" */;
			buildPhases = (
				B636D0322A7A951F00AC0FF2 /* Sources */,
				B636D0332A7A951F00AC0FF2 /* Frameworks */,
				B636D0342A7A951F00AC0FF2 /* Resources */,
			);
			buildRules = (
			);
			dependencies = (
			);
			name = VideoGameBuddy;
			productName = VideoGameBuddy;
			productReference = B636D0362A7A951F00AC0FF2 /* VideoGameBuddy.app */;
			productType = "com.apple.product-type.application";
		};
/* End PBXNativeTarget section */

/* Begin PBXProject section */
		B636D02E2A7A951F00AC0FF2 /* Project object */ = {
			isa = PBXProject;
			attributes = {
				BuildIndependentTargetsInParallel = 1;
				LastSwiftUpdateCheck = 1430;
				LastUpgradeCheck = 1430;
				TargetAttributes = {
					B636D0352A7A951F00AC0FF2 = {
						CreatedOnToolsVersion = 14.3;
					};
				};
			};
			buildConfigurationList = B636D0312A7A951F00AC0FF2 /* Build configuration list for PBXProject "VideoGameBuddy" */;
			compatibilityVersion = "Xcode 14.0";
			developmentRegion = en;
			hasScannedForEncodings = 0;
			knownRegions = (
				en,
				Base,
			);
			mainGroup = B636D02D2A7A951F00AC0FF2;
			productRefGroup = B636D0372A7A951F00AC0FF2 /* Products */;
			projectDirPath = "";
			projectRoot = "";
			targets = (
				B636D0352A7A951F00AC0FF2 /* VideoGameBuddy */,
			);
		};
/* End PBXProject section */

/* Begin PBXResourcesBuildPhase section */
		B636D0342A7A951F00AC0FF2 /* Resources */ = {
			isa = PBXResourcesBuildPhase;
			buildActionMask = 2147483647;
			files = (
				B636D0782A807F9A00AC0FF2 /* gamesListPreview.json in Resources */,
				B636D0412A7A952000AC0FF2 /* Preview Assets.xcassets in Resources */,
				B636D0742A7CA01300AC0FF2 /* gameExample.json in Resources */,
				B636D03E2A7A952000AC0FF2 /* Assets.xcassets in Resources */,
			);
			runOnlyForDeploymentPostprocessing = 0;
		};
/* End PBXResourcesBuildPhase section */

/* Begin PBXSourcesBuildPhase section */
		B636D0322A7A951F00AC0FF2 /* Sources */ = {
			isa = PBXSourcesBuildPhase;
			buildActionMask = 2147483647;
			files = (
				B636D06A2A7B815E00AC0FF2 /* Platform.swift in Sources */,
				B636D0632A7B772500AC0FF2 /* NetworkService.swift in Sources */,
				B636D0762A7F3C3900AC0FF2 /* Builder.swift in Sources */,
				B636D06C2A7B8E2400AC0FF2 /* AuthorizationManager.swift in Sources */,
				B636D0482A7AAD4900AC0FF2 /* SearchView.swift in Sources */,
				B636D0572A7AAEA800AC0FF2 /* FavoritesViewModel.swift in Sources */,
				B636D05E2A7B6FE300AC0FF2 /* ListGameRow.swift in Sources */,
				B636D0542A7AADC900AC0FF2 /* DetailsViewModel.swift in Sources */,
				B636D06E2A7B8FF900AC0FF2 /* Constants.swift in Sources */,
				B636D03C2A7A951F00AC0FF2 /* ContentView.swift in Sources */,
				B636D0702A7B944500AC0FF2 /* AccessToken.swift in Sources */,
				B636D05B2A7AAEC400AC0FF2 /* FavoritesView.swift in Sources */,
				B636D0722A7C9DC100AC0FF2 /* RowViewModel.swift in Sources */,
				B636D0652A7B813800AC0FF2 /* Game.swift in Sources */,
				B636D07A2A82040400AC0FF2 /* ImageDownloadingService.swift in Sources */,
				B636D0602A7B701100AC0FF2 /* GridGameRow.swift in Sources */,
				B636D0682A7B814E00AC0FF2 /* Genre.swift in Sources */,
				B636D04D2A7AAD8000AC0FF2 /* SearchViewModel.swift in Sources */,
				B636D0502A7AADA200AC0FF2 /* DetailsView.swift in Sources */,
				B636D03A2A7A951F00AC0FF2 /* VideoGameBuddyApp.swift in Sources */,
			);
			runOnlyForDeploymentPostprocessing = 0;
		};
/* End PBXSourcesBuildPhase section */

/* Begin XCBuildConfiguration section */
		B636D0422A7A952000AC0FF2 /* Debug */ = {
			isa = XCBuildConfiguration;
			buildSettings = {
				ALWAYS_SEARCH_USER_PATHS = NO;
				CLANG_ANALYZER_NONNULL = YES;
				CLANG_ANALYZER_NUMBER_OBJECT_CONVERSION = YES_AGGRESSIVE;
				CLANG_CXX_LANGUAGE_STANDARD = "gnu++20";
				CLANG_ENABLE_MODULES = YES;
				CLANG_ENABLE_OBJC_ARC = YES;
				CLANG_ENABLE_OBJC_WEAK = YES;
				CLANG_WARN_BLOCK_CAPTURE_AUTORELEASING = YES;
				CLANG_WARN_BOOL_CONVERSION = YES;
				CLANG_WARN_COMMA = YES;
				CLANG_WARN_CONSTANT_CONVERSION = YES;
				CLANG_WARN_DEPRECATED_OBJC_IMPLEMENTATIONS = YES;
				CLANG_WARN_DIRECT_OBJC_ISA_USAGE = YES_ERROR;
				CLANG_WARN_DOCUMENTATION_COMMENTS = YES;
				CLANG_WARN_EMPTY_BODY = YES;
				CLANG_WARN_ENUM_CONVERSION = YES;
				CLANG_WARN_INFINITE_RECURSION = YES;
				CLANG_WARN_INT_CONVERSION = YES;
				CLANG_WARN_NON_LITERAL_NULL_CONVERSION = YES;
				CLANG_WARN_OBJC_IMPLICIT_RETAIN_SELF = YES;
				CLANG_WARN_OBJC_LITERAL_CONVERSION = YES;
				CLANG_WARN_OBJC_ROOT_CLASS = YES_ERROR;
				CLANG_WARN_QUOTED_INCLUDE_IN_FRAMEWORK_HEADER = YES;
				CLANG_WARN_RANGE_LOOP_ANALYSIS = YES;
				CLANG_WARN_STRICT_PROTOTYPES = YES;
				CLANG_WARN_SUSPICIOUS_MOVE = YES;
				CLANG_WARN_UNGUARDED_AVAILABILITY = YES_AGGRESSIVE;
				CLANG_WARN_UNREACHABLE_CODE = YES;
				CLANG_WARN__DUPLICATE_METHOD_MATCH = YES;
				COPY_PHASE_STRIP = NO;
				DEBUG_INFORMATION_FORMAT = dwarf;
				ENABLE_STRICT_OBJC_MSGSEND = YES;
				ENABLE_TESTABILITY = YES;
				GCC_C_LANGUAGE_STANDARD = gnu11;
				GCC_DYNAMIC_NO_PIC = NO;
				GCC_NO_COMMON_BLOCKS = YES;
				GCC_OPTIMIZATION_LEVEL = 0;
				GCC_PREPROCESSOR_DEFINITIONS = (
					"DEBUG=1",
					"$(inherited)",
				);
				GCC_WARN_64_TO_32_BIT_CONVERSION = YES;
				GCC_WARN_ABOUT_RETURN_TYPE = YES_ERROR;
				GCC_WARN_UNDECLARED_SELECTOR = YES;
				GCC_WARN_UNINITIALIZED_AUTOS = YES_AGGRESSIVE;
				GCC_WARN_UNUSED_FUNCTION = YES;
				GCC_WARN_UNUSED_VARIABLE = YES;
				IPHONEOS_DEPLOYMENT_TARGET = 16.4;
				MTL_ENABLE_DEBUG_INFO = INCLUDE_SOURCE;
				MTL_FAST_MATH = YES;
				ONLY_ACTIVE_ARCH = YES;
				SDKROOT = iphoneos;
				SWIFT_ACTIVE_COMPILATION_CONDITIONS = DEBUG;
				SWIFT_OPTIMIZATION_LEVEL = "-Onone";
			};
			name = Debug;
		};
		B636D0432A7A952000AC0FF2 /* Release */ = {
			isa = XCBuildConfiguration;
			buildSettings = {
				ALWAYS_SEARCH_USER_PATHS = NO;
				CLANG_ANALYZER_NONNULL = YES;
				CLANG_ANALYZER_NUMBER_OBJECT_CONVERSION = YES_AGGRESSIVE;
				CLANG_CXX_LANGUAGE_STANDARD = "gnu++20";
				CLANG_ENABLE_MODULES = YES;
				CLANG_ENABLE_OBJC_ARC = YES;
				CLANG_ENABLE_OBJC_WEAK = YES;
				CLANG_WARN_BLOCK_CAPTURE_AUTORELEASING = YES;
				CLANG_WARN_BOOL_CONVERSION = YES;
				CLANG_WARN_COMMA = YES;
				CLANG_WARN_CONSTANT_CONVERSION = YES;
				CLANG_WARN_DEPRECATED_OBJC_IMPLEMENTATIONS = YES;
				CLANG_WARN_DIRECT_OBJC_ISA_USAGE = YES_ERROR;
				CLANG_WARN_DOCUMENTATION_COMMENTS = YES;
				CLANG_WARN_EMPTY_BODY = YES;
				CLANG_WARN_ENUM_CONVERSION = YES;
				CLANG_WARN_INFINITE_RECURSION = YES;
				CLANG_WARN_INT_CONVERSION = YES;
				CLANG_WARN_NON_LITERAL_NULL_CONVERSION = YES;
				CLANG_WARN_OBJC_IMPLICIT_RETAIN_SELF = YES;
				CLANG_WARN_OBJC_LITERAL_CONVERSION = YES;
				CLANG_WARN_OBJC_ROOT_CLASS = YES_ERROR;
				CLANG_WARN_QUOTED_INCLUDE_IN_FRAMEWORK_HEADER = YES;
				CLANG_WARN_RANGE_LOOP_ANALYSIS = YES;
				CLANG_WARN_STRICT_PROTOTYPES = YES;
				CLANG_WARN_SUSPICIOUS_MOVE = YES;
				CLANG_WARN_UNGUARDED_AVAILABILITY = YES_AGGRESSIVE;
				CLANG_WARN_UNREACHABLE_CODE = YES;
				CLANG_WARN__DUPLICATE_METHOD_MATCH = YES;
				COPY_PHASE_STRIP = NO;
				DEBUG_INFORMATION_FORMAT = "dwarf-with-dsym";
				ENABLE_NS_ASSERTIONS = NO;
				ENABLE_STRICT_OBJC_MSGSEND = YES;
				GCC_C_LANGUAGE_STANDARD = gnu11;
				GCC_NO_COMMON_BLOCKS = YES;
				GCC_WARN_64_TO_32_BIT_CONVERSION = YES;
				GCC_WARN_ABOUT_RETURN_TYPE = YES_ERROR;
				GCC_WARN_UNDECLARED_SELECTOR = YES;
				GCC_WARN_UNINITIALIZED_AUTOS = YES_AGGRESSIVE;
				GCC_WARN_UNUSED_FUNCTION = YES;
				GCC_WARN_UNUSED_VARIABLE = YES;
				IPHONEOS_DEPLOYMENT_TARGET = 16.4;
				MTL_ENABLE_DEBUG_INFO = NO;
				MTL_FAST_MATH = YES;
				SDKROOT = iphoneos;
				SWIFT_COMPILATION_MODE = wholemodule;
				SWIFT_OPTIMIZATION_LEVEL = "-O";
				VALIDATE_PRODUCT = YES;
			};
			name = Release;
		};
		B636D0452A7A952000AC0FF2 /* Debug */ = {
			isa = XCBuildConfiguration;
			buildSettings = {
				ASSETCATALOG_COMPILER_APPICON_NAME = AppIcon;
				ASSETCATALOG_COMPILER_GLOBAL_ACCENT_COLOR_NAME = AccentColor;
				CODE_SIGN_STYLE = Automatic;
				CURRENT_PROJECT_VERSION = 1;
				DEVELOPMENT_ASSET_PATHS = "\"VideoGameBuddy/Preview Content\"";
				DEVELOPMENT_TEAM = D5XZHDVBDY;
				ENABLE_PREVIEWS = YES;
				GENERATE_INFOPLIST_FILE = YES;
				INFOPLIST_KEY_UIApplicationSceneManifest_Generation = YES;
				INFOPLIST_KEY_UIApplicationSupportsIndirectInputEvents = YES;
				INFOPLIST_KEY_UILaunchScreen_Generation = YES;
				INFOPLIST_KEY_UISupportedInterfaceOrientations_iPad = "UIInterfaceOrientationPortrait UIInterfaceOrientationPortraitUpsideDown UIInterfaceOrientationLandscapeLeft UIInterfaceOrientationLandscapeRight";
				INFOPLIST_KEY_UISupportedInterfaceOrientations_iPhone = "UIInterfaceOrientationPortrait UIInterfaceOrientationLandscapeLeft UIInterfaceOrientationLandscapeRight";
				IPHONEOS_DEPLOYMENT_TARGET = 15.0;
				LD_RUNPATH_SEARCH_PATHS = (
					"$(inherited)",
					"@executable_path/Frameworks",
				);
				MARKETING_VERSION = 1.0;
				PRODUCT_BUNDLE_IDENTIFIER = com.artemkvashnin.VideoGameBuddy;
				PRODUCT_NAME = "$(TARGET_NAME)";
				SWIFT_EMIT_LOC_STRINGS = YES;
				SWIFT_VERSION = 5.0;
				TARGETED_DEVICE_FAMILY = "1,2";
			};
			name = Debug;
		};
		B636D0462A7A952000AC0FF2 /* Release */ = {
			isa = XCBuildConfiguration;
			buildSettings = {
				ASSETCATALOG_COMPILER_APPICON_NAME = AppIcon;
				ASSETCATALOG_COMPILER_GLOBAL_ACCENT_COLOR_NAME = AccentColor;
				CODE_SIGN_STYLE = Automatic;
				CURRENT_PROJECT_VERSION = 1;
				DEVELOPMENT_ASSET_PATHS = "\"VideoGameBuddy/Preview Content\"";
				DEVELOPMENT_TEAM = D5XZHDVBDY;
				ENABLE_PREVIEWS = YES;
				GENERATE_INFOPLIST_FILE = YES;
				INFOPLIST_KEY_UIApplicationSceneManifest_Generation = YES;
				INFOPLIST_KEY_UIApplicationSupportsIndirectInputEvents = YES;
				INFOPLIST_KEY_UILaunchScreen_Generation = YES;
				INFOPLIST_KEY_UISupportedInterfaceOrientations_iPad = "UIInterfaceOrientationPortrait UIInterfaceOrientationPortraitUpsideDown UIInterfaceOrientationLandscapeLeft UIInterfaceOrientationLandscapeRight";
				INFOPLIST_KEY_UISupportedInterfaceOrientations_iPhone = "UIInterfaceOrientationPortrait UIInterfaceOrientationLandscapeLeft UIInterfaceOrientationLandscapeRight";
				IPHONEOS_DEPLOYMENT_TARGET = 15.0;
				LD_RUNPATH_SEARCH_PATHS = (
					"$(inherited)",
					"@executable_path/Frameworks",
				);
				MARKETING_VERSION = 1.0;
				PRODUCT_BUNDLE_IDENTIFIER = com.artemkvashnin.VideoGameBuddy;
				PRODUCT_NAME = "$(TARGET_NAME)";
				SWIFT_EMIT_LOC_STRINGS = YES;
				SWIFT_VERSION = 5.0;
				TARGETED_DEVICE_FAMILY = "1,2";
			};
			name = Release;
		};
/* End XCBuildConfiguration section */

/* Begin XCConfigurationList section */
		B636D0312A7A951F00AC0FF2 /* Build configuration list for PBXProject "VideoGameBuddy" */ = {
			isa = XCConfigurationList;
			buildConfigurations = (
				B636D0422A7A952000AC0FF2 /* Debug */,
				B636D0432A7A952000AC0FF2 /* Release */,
			);
			defaultConfigurationIsVisible = 0;
			defaultConfigurationName = Release;
		};
		B636D0442A7A952000AC0FF2 /* Build configuration list for PBXNativeTarget "VideoGameBuddy" */ = {
			isa = XCConfigurationList;
			buildConfigurations = (
				B636D0452A7A952000AC0FF2 /* Debug */,
				B636D0462A7A952000AC0FF2 /* Release */,
			);
			defaultConfigurationIsVisible = 0;
			defaultConfigurationName = Release;
		};
/* End XCConfigurationList section */
	};
	rootObject = B636D02E2A7A951F00AC0FF2 /* Project object */;
}
